
Microsoft Visual Studio Solution File, Format Version 12.00
# Visual Studio Version 16
VisualStudioVersion = 16.0.31605.320
MinimumVisualStudioVersion = 10.0.40219.1
Project("{FAE04EC0-301F-11D3-BF4B-00C04F79EFBC}") = "ClubDeFootWPF", "ClubDeFootWPF\ClubDeFootWPF.csproj", "{C849069B-82E1-4DF9-AF27-F5CA01DABE9A}"
EndProject
Global
	GlobalSection(SolutionConfigurationPlatforms) = preSolution
		Debug|Any CPU = Debug|Any CPU
		Release|Any CPU = Release|Any CPU
	EndGlobalSection
	GlobalSection(ProjectConfigurationPlatforms) = postSolution
		{C849069B-82E1-4DF9-AF27-F5CA01DABE9A}.Debug|Any CPU.ActiveCfg = Debug|Any CPU
		{C849069B-82E1-4DF9-AF27-F5CA01DABE9A}.Debug|Any CPU.Build.0 = Debug|Any CPU
		{C849069B-82E1-4DF9-AF27-F5CA01DABE9A}.Release|Any CPU.ActiveCfg = Release|Any CPU
		{C849069B-82E1-4DF9-AF27-F5CA01DABE9A}.Release|Any CPU.Build.0 = Release|Any CPU
	EndGlobalSection
	GlobalSection(SolutionProperties) = preSolution
		HideSolutionNode = FALSE
	EndGlobalSection
	GlobalSection(ExtensibilityGlobals) = postSolution
		SolutionGuid = {ABC71290-0DB4-4346-BAF9-5875F595CF1A}
	EndGlobalSection
EndGlobal
